
Microsoft Visual Studio Solution File, Format Version 12.00
# Visual Studio 15
VisualStudioVersion = 15.0.28307.779
MinimumVisualStudioVersion = 10.0.40219.1
Project("{2150E333-8FDC-42A3-9474-1A3956D46DE8}") = "Domain", "Domain", "{AFF74B24-170B-468E-A6D6-0E3BA9E3C82A}"
EndProject
Project("{2150E333-8FDC-42A3-9474-1A3956D46DE8}") = "Infra.IOC", "Infra.IOC", "{5A19FB5E-E345-4883-AE71-3B008AA8B824}"
EndProject
Project("{2150E333-8FDC-42A3-9474-1A3956D46DE8}") = "Infra.Bus", "Infra.Bus", "{1104BB9B-ED40-497D-B169-2BCDFE76115B}"
EndProject
Project("{2150E333-8FDC-42A3-9474-1A3956D46DE8}") = "Microservices", "Microservices", "{2A3B4D0A-331A-4EEB-B65E-25E5F7069BE9}"
EndProject
Project("{2150E333-8FDC-42A3-9474-1A3956D46DE8}") = "Presentation", "Presentation", "{D5766AC1-A112-4884-A937-556CAFEF4A0B}"
EndProject
Project("{FAE04EC0-301F-11D3-BF4B-00C04F79EFBC}") = "MicroServices.Domain.Core", "MicroServices.Domain.Core\MicroServices.Domain.Core.csproj", "{C77B2C49-B44C-4F0A-98F5-17E1040BEBFE}"
EndProject
Project("{FAE04EC0-301F-11D3-BF4B-00C04F79EFBC}") = "MicroServices.Infra.Bus", "MicroServices.Infra.Bus\MicroServices.Infra.Bus.csproj", "{70E0B815-43BE-4323-85D8-FE6C6AFD970B}"
EndProject
Project("{FAE04EC0-301F-11D3-BF4B-00C04F79EFBC}") = "MicroServices.Infra.IoC", "MicroServices.Infra.IoC\MicroServices.Infra.IoC.csproj", "{66A1D3F6-0C43-4CD7-8F70-F155DCE90ED1}"
EndProject
Project("{2150E333-8FDC-42A3-9474-1A3956D46DE8}") = "Banking", "Banking", "{74746755-A5A3-4A00-95B1-6996B2820BB5}"
EndProject
Project("{2150E333-8FDC-42A3-9474-1A3956D46DE8}") = "Api", "Api", "{DF197ABA-3C5B-4723-B3E4-3B17FC354474}"
EndProject
Project("{2150E333-8FDC-42A3-9474-1A3956D46DE8}") = "Application", "Application", "{D5CEDD92-406C-4679-A37F-D8D3EBF72D86}"
EndProject
Project("{2150E333-8FDC-42A3-9474-1A3956D46DE8}") = "Domain", "Domain", "{90E6D557-C300-4FFC-BAB9-8DC8AAB5B90F}"
EndProject
Project("{2150E333-8FDC-42A3-9474-1A3956D46DE8}") = "Data", "Data", "{917216E7-6071-4720-AE81-63C074685BCD}"
EndProject
Project("{FAE04EC0-301F-11D3-BF4B-00C04F79EFBC}") = "MicroServices.Banking.Api", "MicroServices.Banking.Api\MicroServices.Banking.Api.csproj", "{F01CED82-5CEB-449D-9983-884765FDB9B7}"
EndProject
Project("{FAE04EC0-301F-11D3-BF4B-00C04F79EFBC}") = "MicroServices.Banking.Application", "MicroServices.Banking.Application\MicroServices.Banking.Application.csproj", "{F74772A2-D932-4ACA-B520-DE1B872B35A8}"
EndProject
Project("{FAE04EC0-301F-11D3-BF4B-00C04F79EFBC}") = "MicroServices.Banking.Data", "MicroServices.Banking.Data\MicroServices.Banking.Data.csproj", "{7032C676-B49B-4E7A-9ED6-79F5A51282EE}"
EndProject
Project("{9A19103F-16F7-4668-BE54-9A1E7A4F7556}") = "MicroServices.Banking.Domain", "MicroServices.Banking.Domain\MicroServices.Banking.Domain.csproj", "{2D173418-723E-49CB-9D53-7276F3117173}"
EndProject
Global
	GlobalSection(SolutionConfigurationPlatforms) = preSolution
		Debug|Any CPU = Debug|Any CPU
		Release|Any CPU = Release|Any CPU
	EndGlobalSection
	GlobalSection(ProjectConfigurationPlatforms) = postSolution
		{C77B2C49-B44C-4F0A-98F5-17E1040BEBFE}.Debug|Any CPU.ActiveCfg = Debug|Any CPU
		{C77B2C49-B44C-4F0A-98F5-17E1040BEBFE}.Debug|Any CPU.Build.0 = Debug|Any CPU
		{C77B2C49-B44C-4F0A-98F5-17E1040BEBFE}.Release|Any CPU.ActiveCfg = Release|Any CPU
		{C77B2C49-B44C-4F0A-98F5-17E1040BEBFE}.Release|Any CPU.Build.0 = Release|Any CPU
		{70E0B815-43BE-4323-85D8-FE6C6AFD970B}.Debug|Any CPU.ActiveCfg = Debug|Any CPU
		{70E0B815-43BE-4323-85D8-FE6C6AFD970B}.Debug|Any CPU.Build.0 = Debug|Any CPU
		{70E0B815-43BE-4323-85D8-FE6C6AFD970B}.Release|Any CPU.ActiveCfg = Release|Any CPU
		{70E0B815-43BE-4323-85D8-FE6C6AFD970B}.Release|Any CPU.Build.0 = Release|Any CPU
		{66A1D3F6-0C43-4CD7-8F70-F155DCE90ED1}.Debug|Any CPU.ActiveCfg = Debug|Any CPU
		{66A1D3F6-0C43-4CD7-8F70-F155DCE90ED1}.Debug|Any CPU.Build.0 = Debug|Any CPU
		{66A1D3F6-0C43-4CD7-8F70-F155DCE90ED1}.Release|Any CPU.ActiveCfg = Release|Any CPU
		{66A1D3F6-0C43-4CD7-8F70-F155DCE90ED1}.Release|Any CPU.Build.0 = Release|Any CPU
		{F01CED82-5CEB-449D-9983-884765FDB9B7}.Debug|Any CPU.ActiveCfg = Debug|Any CPU
		{F01CED82-5CEB-449D-9983-884765FDB9B7}.Debug|Any CPU.Build.0 = Debug|Any CPU
		{F01CED82-5CEB-449D-9983-884765FDB9B7}.Release|Any CPU.ActiveCfg = Release|Any CPU
		{F01CED82-5CEB-449D-9983-884765FDB9B7}.Release|Any CPU.Build.0 = Release|Any CPU
		{F74772A2-D932-4ACA-B520-DE1B872B35A8}.Debug|Any CPU.ActiveCfg = Debug|Any CPU
		{F74772A2-D932-4ACA-B520-DE1B872B35A8}.Debug|Any CPU.Build.0 = Debug|Any CPU
		{F74772A2-D932-4ACA-B520-DE1B872B35A8}.Release|Any CPU.ActiveCfg = Release|Any CPU
		{F74772A2-D932-4ACA-B520-DE1B872B35A8}.Release|Any CPU.Build.0 = Release|Any CPU
		{7032C676-B49B-4E7A-9ED6-79F5A51282EE}.Debug|Any CPU.ActiveCfg = Debug|Any CPU
		{7032C676-B49B-4E7A-9ED6-79F5A51282EE}.Debug|Any CPU.Build.0 = Debug|Any CPU
		{7032C676-B49B-4E7A-9ED6-79F5A51282EE}.Release|Any CPU.ActiveCfg = Release|Any CPU
		{7032C676-B49B-4E7A-9ED6-79F5A51282EE}.Release|Any CPU.Build.0 = Release|Any CPU
		{2D173418-723E-49CB-9D53-7276F3117173}.Debug|Any CPU.ActiveCfg = Debug|Any CPU
		{2D173418-723E-49CB-9D53-7276F3117173}.Debug|Any CPU.Build.0 = Debug|Any CPU
		{2D173418-723E-49CB-9D53-7276F3117173}.Release|Any CPU.ActiveCfg = Release|Any CPU
		{2D173418-723E-49CB-9D53-7276F3117173}.Release|Any CPU.Build.0 = Release|Any CPU
	EndGlobalSection
	GlobalSection(SolutionProperties) = preSolution
		HideSolutionNode = FALSE
	EndGlobalSection
	GlobalSection(NestedProjects) = preSolution
		{C77B2C49-B44C-4F0A-98F5-17E1040BEBFE} = {AFF74B24-170B-468E-A6D6-0E3BA9E3C82A}
		{70E0B815-43BE-4323-85D8-FE6C6AFD970B} = {1104BB9B-ED40-497D-B169-2BCDFE76115B}
		{66A1D3F6-0C43-4CD7-8F70-F155DCE90ED1} = {5A19FB5E-E345-4883-AE71-3B008AA8B824}
		{74746755-A5A3-4A00-95B1-6996B2820BB5} = {2A3B4D0A-331A-4EEB-B65E-25E5F7069BE9}
		{DF197ABA-3C5B-4723-B3E4-3B17FC354474} = {74746755-A5A3-4A00-95B1-6996B2820BB5}
		{D5CEDD92-406C-4679-A37F-D8D3EBF72D86} = {74746755-A5A3-4A00-95B1-6996B2820BB5}
		{90E6D557-C300-4FFC-BAB9-8DC8AAB5B90F} = {74746755-A5A3-4A00-95B1-6996B2820BB5}
		{917216E7-6071-4720-AE81-63C074685BCD} = {74746755-A5A3-4A00-95B1-6996B2820BB5}
		{F01CED82-5CEB-449D-9983-884765FDB9B7} = {DF197ABA-3C5B-4723-B3E4-3B17FC354474}
		{F74772A2-D932-4ACA-B520-DE1B872B35A8} = {D5CEDD92-406C-4679-A37F-D8D3EBF72D86}
		{7032C676-B49B-4E7A-9ED6-79F5A51282EE} = {917216E7-6071-4720-AE81-63C074685BCD}
		{2D173418-723E-49CB-9D53-7276F3117173} = {90E6D557-C300-4FFC-BAB9-8DC8AAB5B90F}
	EndGlobalSection
	GlobalSection(ExtensibilityGlobals) = postSolution
		SolutionGuid = {B6794FEE-E23B-4315-8A7D-7F68CBFB8E1C}
	EndGlobalSection
EndGlobal
