
Microsoft Visual Studio Solution File, Format Version 12.00
# Visual Studio 15
VisualStudioVersion = 15.0.28307.779
MinimumVisualStudioVersion = 10.0.40219.1
Project("{2150E333-8FDC-42A3-9474-1A3956D46DE8}") = "Domain", "Domain", "{AFF74B24-170B-468E-A6D6-0E3BA9E3C82A}"
EndProject
Project("{2150E333-8FDC-42A3-9474-1A3956D46DE8}") = "Infra.IOC", "Infra.IOC", "{5A19FB5E-E345-4883-AE71-3B008AA8B824}"
EndProject
Project("{2150E333-8FDC-42A3-9474-1A3956D46DE8}") = "Infra.Bus", "Infra.Bus", "{1104BB9B-ED40-497D-B169-2BCDFE76115B}"
EndProject
Project("{2150E333-8FDC-42A3-9474-1A3956D46DE8}") = "Microservices", "Microservices", "{2A3B4D0A-331A-4EEB-B65E-25E5F7069BE9}"
EndProject
Project("{2150E333-8FDC-42A3-9474-1A3956D46DE8}") = "Presentation", "Presentation", "{D5766AC1-A112-4884-A937-556CAFEF4A0B}"
EndProject
Project("{FAE04EC0-301F-11D3-BF4B-00C04F79EFBC}") = "MicroServices.Domain.Core", "MicroServices.Domain.Core\MicroServices.Domain.Core.csproj", "{C77B2C49-B44C-4F0A-98F5-17E1040BEBFE}"
EndProject
Project("{FAE04EC0-301F-11D3-BF4B-00C04F79EFBC}") = "MicroServices.Infra.Bus", "MicroServices.Infra.Bus\MicroServices.Infra.Bus.csproj", "{70E0B815-43BE-4323-85D8-FE6C6AFD970B}"
EndProject
Global
	GlobalSection(SolutionConfigurationPlatforms) = preSolution
		Debug|Any CPU = Debug|Any CPU
		Release|Any CPU = Release|Any CPU
	EndGlobalSection
	GlobalSection(ProjectConfigurationPlatforms) = postSolution
		{C77B2C49-B44C-4F0A-98F5-17E1040BEBFE}.Debug|Any CPU.ActiveCfg = Debug|Any CPU
		{C77B2C49-B44C-4F0A-98F5-17E1040BEBFE}.Debug|Any CPU.Build.0 = Debug|Any CPU
		{C77B2C49-B44C-4F0A-98F5-17E1040BEBFE}.Release|Any CPU.ActiveCfg = Release|Any CPU
		{C77B2C49-B44C-4F0A-98F5-17E1040BEBFE}.Release|Any CPU.Build.0 = Release|Any CPU
		{70E0B815-43BE-4323-85D8-FE6C6AFD970B}.Debug|Any CPU.ActiveCfg = Debug|Any CPU
		{70E0B815-43BE-4323-85D8-FE6C6AFD970B}.Debug|Any CPU.Build.0 = Debug|Any CPU
		{70E0B815-43BE-4323-85D8-FE6C6AFD970B}.Release|Any CPU.ActiveCfg = Release|Any CPU
		{70E0B815-43BE-4323-85D8-FE6C6AFD970B}.Release|Any CPU.Build.0 = Release|Any CPU
	EndGlobalSection
	GlobalSection(SolutionProperties) = preSolution
		HideSolutionNode = FALSE
	EndGlobalSection
	GlobalSection(NestedProjects) = preSolution
		{C77B2C49-B44C-4F0A-98F5-17E1040BEBFE} = {AFF74B24-170B-468E-A6D6-0E3BA9E3C82A}
		{70E0B815-43BE-4323-85D8-FE6C6AFD970B} = {1104BB9B-ED40-497D-B169-2BCDFE76115B}
	EndGlobalSection
	GlobalSection(ExtensibilityGlobals) = postSolution
		SolutionGuid = {B6794FEE-E23B-4315-8A7D-7F68CBFB8E1C}
	EndGlobalSection
EndGlobal
